
Microsoft Visual Studio Solution File, Format Version 12.00
# Visual Studio Version 17
VisualStudioVersion = 17.0.31903.59
MinimumVisualStudioVersion = 10.0.40219.1
Project("{FAE04EC0-301F-11D3-BF4B-00C04F79EFBC}") = "ConsoleApp1", "ConsoleApp1.csproj", "{9B6BFB67-A7F9-41D2-8BDF-FA454FC74A88}"
EndProject
Project("{FAE04EC0-301F-11D3-BF4B-00C04F79EFBC}") = "RandomApi", "..\RandomApi\RandomApi.csproj", "{3496BA22-4901-4E56-9DEE-A5DDD87098F4}"
EndProject
Global
	GlobalSection(SolutionConfigurationPlatforms) = preSolution
		Debug|Any CPU = Debug|Any CPU
		Release|Any CPU = Release|Any CPU
	EndGlobalSection
	GlobalSection(ProjectConfigurationPlatforms) = postSolution
		{9B6BFB67-A7F9-41D2-8BDF-FA454FC74A88}.Debug|Any CPU.ActiveCfg = Debug|Any CPU
		{9B6BFB67-A7F9-41D2-8BDF-FA454FC74A88}.Debug|Any CPU.Build.0 = Debug|Any CPU
		{9B6BFB67-A7F9-41D2-8BDF-FA454FC74A88}.Release|Any CPU.ActiveCfg = Release|Any CPU
		{9B6BFB67-A7F9-41D2-8BDF-FA454FC74A88}.Release|Any CPU.Build.0 = Release|Any CPU
		{3496BA22-4901-4E56-9DEE-A5DDD87098F4}.Debug|Any CPU.ActiveCfg = Debug|Any CPU
		{3496BA22-4901-4E56-9DEE-A5DDD87098F4}.Debug|Any CPU.Build.0 = Debug|Any CPU
		{3496BA22-4901-4E56-9DEE-A5DDD87098F4}.Release|Any CPU.ActiveCfg = Release|Any CPU
		{3496BA22-4901-4E56-9DEE-A5DDD87098F4}.Release|Any CPU.Build.0 = Release|Any CPU
	EndGlobalSection
	GlobalSection(SolutionProperties) = preSolution
		HideSolutionNode = FALSE
	EndGlobalSection
	GlobalSection(ExtensibilityGlobals) = postSolution
		SolutionGuid = {A7C739C8-7997-40FE-B0A2-69F1A05EC974}
	EndGlobalSection
EndGlobal
